# THIS IS AN AUTOGENERATED FILE. DO NOT EDIT THIS FILE DIRECTLY.
# yarn lockfile v1


"@remix-run/router@1.20.0":
  version "1.20.0"
  resolved "https://registry.yarnpkg.com/@remix-run/router/-/router-1.20.0.tgz#03554155b45d8b529adf635b2f6ad1165d70d8b4"
  integrity sha512-mUnk8rPJBI9loFDZ+YzPGdeniYK+FTmRD1TMCz7ev2SNIozyKKpnGgsxO34u6Z4z/t0ITuu7voi/AshfsGsgFg==

react-router-dom@6:
  version "6.27.0"
  resolved "https://registry.yarnpkg.com/react-router-dom/-/react-router-dom-6.27.0.tgz#8d7972a425fd75f91c1e1ff67e47240c5752dc3f"
  integrity sha512-+bvtFWMC0DgAFrfKXKG9Fc+BcXWRUO1aJIihbB79xaeq0v5UzfvnM5houGUm1Y461WVRcgAQ+Clh5rdb1eCx4g==
  dependencies:
    "@remix-run/router" "1.20.0"
    react-router "6.27.0"

react-router@6.27.0:
  version "6.27.0"
  resolved "https://registry.yarnpkg.com/react-router/-/react-router-6.27.0.tgz#db292474926c814c996c0ff3ef0162d1f9f60ed4"
  integrity sha512-YA+HGZXz4jaAkVoYBE98VQl+nVzI+cVI2Oj/06F5ZM+0u3TgedN9Y9kmMRo2mnkSK2nCpNQn0DVob4HCsY/WLw==
  dependencies:
    "@remix-run/router" "1.20.0"
